
Microsoft Visual Studio Solution File, Format Version 12.00
# Visual Studio Version 17
VisualStudioVersion = 17.3.32804.467
MinimumVisualStudioVersion = 10.0.40219.1
Project("{FAE04EC0-301F-11D3-BF4B-00C04F79EFBC}") = "DependencyInjectionWebApp", "DependencyInjectionWebApp\DependencyInjectionWebApp.csproj", "{9ADE5B7B-20A7-4348-9AAC-506140D95881}"
EndProject
Global
	GlobalSection(SolutionConfigurationPlatforms) = preSolution
		Debug|Any CPU = Debug|Any CPU
		Release|Any CPU = Release|Any CPU
	EndGlobalSection
	GlobalSection(ProjectConfigurationPlatforms) = postSolution
		{9ADE5B7B-20A7-4348-9AAC-506140D95881}.Debug|Any CPU.ActiveCfg = Debug|Any CPU
		{9ADE5B7B-20A7-4348-9AAC-506140D95881}.Debug|Any CPU.Build.0 = Debug|Any CPU
		{9ADE5B7B-20A7-4348-9AAC-506140D95881}.Release|Any CPU.ActiveCfg = Release|Any CPU
		{9ADE5B7B-20A7-4348-9AAC-506140D95881}.Release|Any CPU.Build.0 = Release|Any CPU
	EndGlobalSection
	GlobalSection(SolutionProperties) = preSolution
		HideSolutionNode = FALSE
	EndGlobalSection
	GlobalSection(ExtensibilityGlobals) = postSolution
		SolutionGuid = {14FC3FE4-A029-4CCA-AD36-4A31D6CF1C44}
	EndGlobalSection
EndGlobal
